// !$*UTF8*$!
{
	archiveVersion = 1;
	classes = {
	};
	objectVersion = 77;
	objects = {

/* Begin PBXBuildFile section */
		F51B4C502F2729240058D413 /* SwiftFasterWhisper in Frameworks */ = {isa = PBXBuildFile; productRef = F51B4C4F2F2729240058D413 /* SwiftFasterWhisper */; };
		F51B4C522F2729240058D413 /* faster_whisper in Frameworks */ = {isa = PBXBuildFile; productRef = F51B4C512F2729240058D413 /* faster_whisper */; };
		F599EF2F2EDACBD600905C10 /* WhisperKit in Frameworks */ = {isa = PBXBuildFile; productRef = F599EF2E2EDACBD600905C10 /* WhisperKit */; };
/* End PBXBuildFile section */

/* Begin PBXContainerItemProxy section */
		F5457EDC2EDAA26000365E93 /* PBXContainerItemProxy */ = {
			isa = PBXContainerItemProxy;
			containerPortal = F5457EC62EDAA25E00365E93 /* Project object */;
			proxyType = 1;
			remoteGlobalIDString = F5457ECD2EDAA25E00365E93;
			remoteInfo = EnglishSubtitles;
		};
		F59C72882F202EF000D81F20 /* PBXContainerItemProxy */ = {
			isa = PBXContainerItemProxy;
			containerPortal = F5457EC62EDAA25E00365E93 /* Project object */;
			proxyType = 1;
			remoteGlobalIDString = F59C727A2F202EEF00D81F20;
			remoteInfo = EnglishSubtitlesMacOS;
		};
/* End PBXContainerItemProxy section */

/* Begin PBXFileReference section */
		F5457ECE2EDAA25E00365E93 /* EnglishSubtitles.app */ = {isa = PBXFileReference; explicitFileType = wrapper.application; includeInIndex = 0; path = EnglishSubtitles.app; sourceTree = BUILT_PRODUCTS_DIR; };
		F5457EDB2EDAA26000365E93 /* EnglishSubtitlesTests.xctest */ = {isa = PBXFileReference; explicitFileType = wrapper.cfbundle; includeInIndex = 0; path = EnglishSubtitlesTests.xctest; sourceTree = BUILT_PRODUCTS_DIR; };
		F59C727B2F202EEF00D81F20 /* EnglishSubtitlesMacOS.app */ = {isa = PBXFileReference; explicitFileType = wrapper.application; includeInIndex = 0; path = EnglishSubtitlesMacOS.app; sourceTree = BUILT_PRODUCTS_DIR; };
		F59C72872F202EF000D81F20 /* EnglishSubtitlesMacOSTests.xctest */ = {isa = PBXFileReference; explicitFileType = wrapper.cfbundle; includeInIndex = 0; path = EnglishSubtitlesMacOSTests.xctest; sourceTree = BUILT_PRODUCTS_DIR; };
		F5D4D2842EE9276400574086 /* cleanup_simulator_cache.sh */ = {isa = PBXFileReference; lastKnownFileType = text.script.sh; path = cleanup_simulator_cache.sh; sourceTree = "<group>"; };
/* End PBXFileReference section */

/* Begin PBXFileSystemSynchronizedRootGroup section */
		F545613B2EE10D98004BF31D /* images */ = {
			isa = PBXFileSystemSynchronizedRootGroup;
			path = images;
			sourceTree = "<group>";
		};
		F5457ED02EDAA25E00365E93 /* EnglishSubtitles */ = {
			isa = PBXFileSystemSynchronizedRootGroup;
			path = EnglishSubtitles;
			sourceTree = "<group>";
		};
		F5457EDE2EDAA26000365E93 /* EnglishSubtitlesTests */ = {
			isa = PBXFileSystemSynchronizedRootGroup;
			path = EnglishSubtitlesTests;
			sourceTree = "<group>";
		};
		F59C727C2F202EEF00D81F20 /* EnglishSubtitlesMacOS */ = {
			isa = PBXFileSystemSynchronizedRootGroup;
			path = EnglishSubtitlesMacOS;
			sourceTree = "<group>";
		};
		F59C728A2F202EF000D81F20 /* EnglishSubtitlesMacOSTests */ = {
			isa = PBXFileSystemSynchronizedRootGroup;
			path = EnglishSubtitlesMacOSTests;
			sourceTree = "<group>";
		};
/* End PBXFileSystemSynchronizedRootGroup section */

/* Begin PBXFrameworksBuildPhase section */
		F5457ECB2EDAA25E00365E93 /* Frameworks */ = {
			isa = PBXFrameworksBuildPhase;
			buildActionMask = 2147483647;
			files = (
				F599EF2F2EDACBD600905C10 /* WhisperKit in Frameworks */,
			);
			runOnlyForDeploymentPostprocessing = 0;
		};
		F5457ED82EDAA26000365E93 /* Frameworks */ = {
			isa = PBXFrameworksBuildPhase;
			buildActionMask = 2147483647;
			files = (
			);
			runOnlyForDeploymentPostprocessing = 0;
		};
		F59C72782F202EEF00D81F20 /* Frameworks */ = {
			isa = PBXFrameworksBuildPhase;
			buildActionMask = 2147483647;
			files = (
				F51B4C522F2729240058D413 /* faster_whisper in Frameworks */,
				F51B4C502F2729240058D413 /* SwiftFasterWhisper in Frameworks */,
			);
			runOnlyForDeploymentPostprocessing = 0;
		};
		F59C72842F202EF000D81F20 /* Frameworks */ = {
			isa = PBXFrameworksBuildPhase;
			buildActionMask = 2147483647;
			files = (
			);
			runOnlyForDeploymentPostprocessing = 0;
		};
/* End PBXFrameworksBuildPhase section */

/* Begin PBXGroup section */
		F5457EC52EDAA25E00365E93 = {
			isa = PBXGroup;
			children = (
				F5D4D2842EE9276400574086 /* cleanup_simulator_cache.sh */,
				F545613B2EE10D98004BF31D /* images */,
				F5457ED02EDAA25E00365E93 /* EnglishSubtitles */,
				F5457EDE2EDAA26000365E93 /* EnglishSubtitlesTests */,
				F59C727C2F202EEF00D81F20 /* EnglishSubtitlesMacOS */,
				F59C728A2F202EF000D81F20 /* EnglishSubtitlesMacOSTests */,
				F599EF2D2EDACBD600905C10 /* Frameworks */,
				F5457ECF2EDAA25E00365E93 /* Products */,
			);
			sourceTree = "<group>";
		};
		F5457ECF2EDAA25E00365E93 /* Products */ = {
			isa = PBXGroup;
			children = (
				F5457ECE2EDAA25E00365E93 /* EnglishSubtitles.app */,
				F5457EDB2EDAA26000365E93 /* EnglishSubtitlesTests.xctest */,
				F59C727B2F202EEF00D81F20 /* EnglishSubtitlesMacOS.app */,
				F59C72872F202EF000D81F20 /* EnglishSubtitlesMacOSTests.xctest */,
			);
			name = Products;
			sourceTree = "<group>";
		};
		F599EF2D2EDACBD600905C10 /* Frameworks */ = {
			isa = PBXGroup;
			children = (
			);
			name = Frameworks;
			sourceTree = "<group>";
		};
/* End PBXGroup section */

/* Begin PBXNativeTarget section */
		F5457ECD2EDAA25E00365E93 /* EnglishSubtitles */ = {
			isa = PBXNativeTarget;
			buildConfigurationList = F5457EEF2EDAA26000365E93 /* Build configuration list for PBXNativeTarget "EnglishSubtitles" */;
			buildPhases = (
				F5457ECA2EDAA25E00365E93 /* Sources */,
				F5457ECB2EDAA25E00365E93 /* Frameworks */,
				F5457ECC2EDAA25E00365E93 /* Resources */,
			);
			buildRules = (
			);
			dependencies = (
			);
			fileSystemSynchronizedGroups = (
				F5457ED02EDAA25E00365E93 /* EnglishSubtitles */,
			);
			name = EnglishSubtitles;
			packageProductDependencies = (
				F599EF2E2EDACBD600905C10 /* WhisperKit */,
			);
			productName = EnglishSubtitles;
			productReference = F5457ECE2EDAA25E00365E93 /* EnglishSubtitles.app */;
			productType = "com.apple.product-type.application";
		};
		F5457EDA2EDAA26000365E93 /* EnglishSubtitlesTests */ = {
			isa = PBXNativeTarget;
			buildConfigurationList = F5457EF22EDAA26000365E93 /* Build configuration list for PBXNativeTarget "EnglishSubtitlesTests" */;
			buildPhases = (
				F5457ED72EDAA26000365E93 /* Sources */,
				F5457ED82EDAA26000365E93 /* Frameworks */,
				F5457ED92EDAA26000365E93 /* Resources */,
			);
			buildRules = (
			);
			dependencies = (
				F5457EDD2EDAA26000365E93 /* PBXTargetDependency */,
			);
			fileSystemSynchronizedGroups = (
				F5457EDE2EDAA26000365E93 /* EnglishSubtitlesTests */,
			);
			name = EnglishSubtitlesTests;
			packageProductDependencies = (
			);
			productName = EnglishSubtitlesTests;
			productReference = F5457EDB2EDAA26000365E93 /* EnglishSubtitlesTests.xctest */;
			productType = "com.apple.product-type.bundle.unit-test";
		};
		F59C727A2F202EEF00D81F20 /* EnglishSubtitlesMacOS */ = {
			isa = PBXNativeTarget;
			buildConfigurationList = F59C72992F202EF000D81F20 /* Build configuration list for PBXNativeTarget "EnglishSubtitlesMacOS" */;
			buildPhases = (
				F59C72772F202EEF00D81F20 /* Sources */,
				F59C72782F202EEF00D81F20 /* Frameworks */,
				F59C72792F202EEF00D81F20 /* Resources */,
			);
			buildRules = (
			);
			dependencies = (
			);
			fileSystemSynchronizedGroups = (
				F59C727C2F202EEF00D81F20 /* EnglishSubtitlesMacOS */,
			);
			name = EnglishSubtitlesMacOS;
			packageProductDependencies = (
				F51B4C4F2F2729240058D413 /* SwiftFasterWhisper */,
				F51B4C512F2729240058D413 /* faster_whisper */,
			);
			productName = EnglishSubtitlesMacOS;
			productReference = F59C727B2F202EEF00D81F20 /* EnglishSubtitlesMacOS.app */;
			productType = "com.apple.product-type.application";
		};
		F59C72862F202EF000D81F20 /* EnglishSubtitlesMacOSTests */ = {
			isa = PBXNativeTarget;
			buildConfigurationList = F59C729C2F202EF000D81F20 /* Build configuration list for PBXNativeTarget "EnglishSubtitlesMacOSTests" */;
			buildPhases = (
				F59C72832F202EF000D81F20 /* Sources */,
				F59C72842F202EF000D81F20 /* Frameworks */,
				F59C72852F202EF000D81F20 /* Resources */,
			);
			buildRules = (
			);
			dependencies = (
				F59C72892F202EF000D81F20 /* PBXTargetDependency */,
			);
			fileSystemSynchronizedGroups = (
				F59C728A2F202EF000D81F20 /* EnglishSubtitlesMacOSTests */,
			);
			name = EnglishSubtitlesMacOSTests;
			packageProductDependencies = (
			);
			productName = EnglishSubtitlesMacOSTests;
			productReference = F59C72872F202EF000D81F20 /* EnglishSubtitlesMacOSTests.xctest */;
			productType = "com.apple.product-type.bundle.unit-test";
		};
/* End PBXNativeTarget section */

/* Begin PBXProject section */
		F5457EC62EDAA25E00365E93 /* Project object */ = {
			isa = PBXProject;
			attributes = {
				BuildIndependentTargetsInParallel = 1;
				LastSwiftUpdateCheck = 2610;
				LastUpgradeCheck = 1630;
				TargetAttributes = {
					F5457ECD2EDAA25E00365E93 = {
						CreatedOnToolsVersion = 16.3;
					};
					F5457EDA2EDAA26000365E93 = {
						CreatedOnToolsVersion = 16.3;
						TestTargetID = F5457ECD2EDAA25E00365E93;
					};
					F59C727A2F202EEF00D81F20 = {
						CreatedOnToolsVersion = 26.1.1;
					};
					F59C72862F202EF000D81F20 = {
						CreatedOnToolsVersion = 26.1.1;
						TestTargetID = F59C727A2F202EEF00D81F20;
					};
				};
			};
			buildConfigurationList = F5457EC92EDAA25E00365E93 /* Build configuration list for PBXProject "EnglishSubtitles" */;
			developmentRegion = en;
			hasScannedForEncodings = 0;
			knownRegions = (
				en,
				Base,
			);
			mainGroup = F5457EC52EDAA25E00365E93;
			minimizedProjectReferenceProxies = 1;
			packageReferences = (
				F5ADEC6C2EDAB3D6008ED953 /* XCRemoteSwiftPackageReference "WhisperKit" */,
				F51B4C4E2F2729240058D413 /* XCLocalSwiftPackageReference "../SwiftFasterWhisper" */,
			);
			preferredProjectObjectVersion = 77;
			productRefGroup = F5457ECF2EDAA25E00365E93 /* Products */;
			projectDirPath = "";
			projectRoot = "";
			targets = (
				F5457ECD2EDAA25E00365E93 /* EnglishSubtitles */,
				F5457EDA2EDAA26000365E93 /* EnglishSubtitlesTests */,
				F59C727A2F202EEF00D81F20 /* EnglishSubtitlesMacOS */,
				F59C72862F202EF000D81F20 /* EnglishSubtitlesMacOSTests */,
			);
		};
/* End PBXProject section */

/* Begin PBXResourcesBuildPhase section */
		F5457ECC2EDAA25E00365E93 /* Resources */ = {
			isa = PBXResourcesBuildPhase;
			buildActionMask = 2147483647;
			files = (
			);
			runOnlyForDeploymentPostprocessing = 0;
		};
		F5457ED92EDAA26000365E93 /* Resources */ = {
			isa = PBXResourcesBuildPhase;
			buildActionMask = 2147483647;
			files = (
			);
			runOnlyForDeploymentPostprocessing = 0;
		};
		F59C72792F202EEF00D81F20 /* Resources */ = {
			isa = PBXResourcesBuildPhase;
			buildActionMask = 2147483647;
			files = (
			);
			runOnlyForDeploymentPostprocessing = 0;
		};
		F59C72852F202EF000D81F20 /* Resources */ = {
			isa = PBXResourcesBuildPhase;
			buildActionMask = 2147483647;
			files = (
			);
			runOnlyForDeploymentPostprocessing = 0;
		};
/* End PBXResourcesBuildPhase section */

/* Begin PBXSourcesBuildPhase section */
		F5457ECA2EDAA25E00365E93 /* Sources */ = {
			isa = PBXSourcesBuildPhase;
			buildActionMask = 2147483647;
			files = (
			);
			runOnlyForDeploymentPostprocessing = 0;
		};
		F5457ED72EDAA26000365E93 /* Sources */ = {
			isa = PBXSourcesBuildPhase;
			buildActionMask = 2147483647;
			files = (
			);
			runOnlyForDeploymentPostprocessing = 0;
		};
		F59C72772F202EEF00D81F20 /* Sources */ = {
			isa = PBXSourcesBuildPhase;
			buildActionMask = 2147483647;
			files = (
			);
			runOnlyForDeploymentPostprocessing = 0;
		};
		F59C72832F202EF000D81F20 /* Sources */ = {
			isa = PBXSourcesBuildPhase;
			buildActionMask = 2147483647;
			files = (
			);
			runOnlyForDeploymentPostprocessing = 0;
		};
/* End PBXSourcesBuildPhase section */

/* Begin PBXTargetDependency section */
		F5457EDD2EDAA26000365E93 /* PBXTargetDependency */ = {
			isa = PBXTargetDependency;
			target = F5457ECD2EDAA25E00365E93 /* EnglishSubtitles */;
			targetProxy = F5457EDC2EDAA26000365E93 /* PBXContainerItemProxy */;
		};
		F59C72892F202EF000D81F20 /* PBXTargetDependency */ = {
			isa = PBXTargetDependency;
			target = F59C727A2F202EEF00D81F20 /* EnglishSubtitlesMacOS */;
			targetProxy = F59C72882F202EF000D81F20 /* PBXContainerItemProxy */;
		};
/* End PBXTargetDependency section */

/* Begin XCBuildConfiguration section */
		F5457EED2EDAA26000365E93 /* Debug */ = {
			isa = XCBuildConfiguration;
			buildSettings = {
				ALWAYS_SEARCH_USER_PATHS = NO;
				ASSETCATALOG_COMPILER_GENERATE_SWIFT_ASSET_SYMBOL_EXTENSIONS = YES;
				CLANG_ANALYZER_NONNULL = YES;
				CLANG_ANALYZER_NUMBER_OBJECT_CONVERSION = YES_AGGRESSIVE;
				CLANG_CXX_LANGUAGE_STANDARD = "gnu++20";
				CLANG_ENABLE_MODULES = YES;
				CLANG_ENABLE_OBJC_ARC = YES;
				CLANG_ENABLE_OBJC_WEAK = YES;
				CLANG_WARN_BLOCK_CAPTURE_AUTORELEASING = YES;
				CLANG_WARN_BOOL_CONVERSION = YES;
				CLANG_WARN_COMMA = YES;
				CLANG_WARN_CONSTANT_CONVERSION = YES;
				CLANG_WARN_DEPRECATED_OBJC_IMPLEMENTATIONS = YES;
				CLANG_WARN_DIRECT_OBJC_ISA_USAGE = YES_ERROR;
				CLANG_WARN_DOCUMENTATION_COMMENTS = YES;
				CLANG_WARN_EMPTY_BODY = YES;
				CLANG_WARN_ENUM_CONVERSION = YES;
				CLANG_WARN_INFINITE_RECURSION = YES;
				CLANG_WARN_INT_CONVERSION = YES;
				CLANG_WARN_NON_LITERAL_NULL_CONVERSION = YES;
				CLANG_WARN_OBJC_IMPLICIT_RETAIN_SELF = YES;
				CLANG_WARN_OBJC_LITERAL_CONVERSION = YES;
				CLANG_WARN_OBJC_ROOT_CLASS = YES_ERROR;
				CLANG_WARN_QUOTED_INCLUDE_IN_FRAMEWORK_HEADER = YES;
				CLANG_WARN_RANGE_LOOP_ANALYSIS = YES;
				CLANG_WARN_STRICT_PROTOTYPES = YES;
				CLANG_WARN_SUSPICIOUS_MOVE = YES;
				CLANG_WARN_UNGUARDED_AVAILABILITY = YES_AGGRESSIVE;
				CLANG_WARN_UNREACHABLE_CODE = YES;
				CLANG_WARN__DUPLICATE_METHOD_MATCH = YES;
				COPY_PHASE_STRIP = NO;
				DEBUG_INFORMATION_FORMAT = dwarf;
				DEVELOPMENT_TEAM = PHEF24B589;
				ENABLE_STRICT_OBJC_MSGSEND = YES;
				ENABLE_TESTABILITY = YES;
				ENABLE_USER_SCRIPT_SANDBOXING = YES;
				GCC_C_LANGUAGE_STANDARD = gnu17;
				GCC_DYNAMIC_NO_PIC = NO;
				GCC_NO_COMMON_BLOCKS = YES;
				GCC_OPTIMIZATION_LEVEL = 0;
				GCC_PREPROCESSOR_DEFINITIONS = (
					"DEBUG=1",
					"$(inherited)",
				);
				GCC_WARN_64_TO_32_BIT_CONVERSION = YES;
				GCC_WARN_ABOUT_RETURN_TYPE = YES_ERROR;
				GCC_WARN_UNDECLARED_SELECTOR = YES;
				GCC_WARN_UNINITIALIZED_AUTOS = YES_AGGRESSIVE;
				GCC_WARN_UNUSED_FUNCTION = YES;
				GCC_WARN_UNUSED_VARIABLE = YES;
				IPHONEOS_DEPLOYMENT_TARGET = 18.6;
				LOCALIZATION_PREFERS_STRING_CATALOGS = YES;
				MTL_ENABLE_DEBUG_INFO = INCLUDE_SOURCE;
				MTL_FAST_MATH = YES;
				ONLY_ACTIVE_ARCH = YES;
				SDKROOT = iphoneos;
				SWIFT_ACTIVE_COMPILATION_CONDITIONS = "DEBUG $(inherited)";
				SWIFT_OPTIMIZATION_LEVEL = "-Onone";
			};
			name = Debug;
		};
		F5457EEE2EDAA26000365E93 /* Release */ = {
			isa = XCBuildConfiguration;
			buildSettings = {
				ALWAYS_SEARCH_USER_PATHS = NO;
				ASSETCATALOG_COMPILER_GENERATE_SWIFT_ASSET_SYMBOL_EXTENSIONS = YES;
				CLANG_ANALYZER_NONNULL = YES;
				CLANG_ANALYZER_NUMBER_OBJECT_CONVERSION = YES_AGGRESSIVE;
				CLANG_CXX_LANGUAGE_STANDARD = "gnu++20";
				CLANG_ENABLE_MODULES = YES;
				CLANG_ENABLE_OBJC_ARC = YES;
				CLANG_ENABLE_OBJC_WEAK = YES;
				CLANG_WARN_BLOCK_CAPTURE_AUTORELEASING = YES;
				CLANG_WARN_BOOL_CONVERSION = YES;
				CLANG_WARN_COMMA = YES;
				CLANG_WARN_CONSTANT_CONVERSION = YES;
				CLANG_WARN_DEPRECATED_OBJC_IMPLEMENTATIONS = YES;
				CLANG_WARN_DIRECT_OBJC_ISA_USAGE = YES_ERROR;
				CLANG_WARN_DOCUMENTATION_COMMENTS = YES;
				CLANG_WARN_EMPTY_BODY = YES;
				CLANG_WARN_ENUM_CONVERSION = YES;
				CLANG_WARN_INFINITE_RECURSION = YES;
				CLANG_WARN_INT_CONVERSION = YES;
				CLANG_WARN_NON_LITERAL_NULL_CONVERSION = YES;
				CLANG_WARN_OBJC_IMPLICIT_RETAIN_SELF = YES;
				CLANG_WARN_OBJC_LITERAL_CONVERSION = YES;
				CLANG_WARN_OBJC_ROOT_CLASS = YES_ERROR;
				CLANG_WARN_QUOTED_INCLUDE_IN_FRAMEWORK_HEADER = YES;
				CLANG_WARN_RANGE_LOOP_ANALYSIS = YES;
				CLANG_WARN_STRICT_PROTOTYPES = YES;
				CLANG_WARN_SUSPICIOUS_MOVE = YES;
				CLANG_WARN_UNGUARDED_AVAILABILITY = YES_AGGRESSIVE;
				CLANG_WARN_UNREACHABLE_CODE = YES;
				CLANG_WARN__DUPLICATE_METHOD_MATCH = YES;
				COPY_PHASE_STRIP = NO;
				DEBUG_INFORMATION_FORMAT = "dwarf-with-dsym";
				DEVELOPMENT_TEAM = PHEF24B589;
				ENABLE_NS_ASSERTIONS = NO;
				ENABLE_STRICT_OBJC_MSGSEND = YES;
				ENABLE_USER_SCRIPT_SANDBOXING = YES;
				GCC_C_LANGUAGE_STANDARD = gnu17;
				GCC_NO_COMMON_BLOCKS = YES;
				GCC_WARN_64_TO_32_BIT_CONVERSION = YES;
				GCC_WARN_ABOUT_RETURN_TYPE = YES_ERROR;
				GCC_WARN_UNDECLARED_SELECTOR = YES;
				GCC_WARN_UNINITIALIZED_AUTOS = YES_AGGRESSIVE;
				GCC_WARN_UNUSED_FUNCTION = YES;
				GCC_WARN_UNUSED_VARIABLE = YES;
				IPHONEOS_DEPLOYMENT_TARGET = 18.6;
				LOCALIZATION_PREFERS_STRING_CATALOGS = YES;
				MTL_ENABLE_DEBUG_INFO = NO;
				MTL_FAST_MATH = YES;
				SDKROOT = iphoneos;
				SWIFT_COMPILATION_MODE = wholemodule;
				VALIDATE_PRODUCT = YES;
			};
			name = Release;
		};
		F5457EF02EDAA26000365E93 /* Debug */ = {
			isa = XCBuildConfiguration;
			buildSettings = {
				ASSETCATALOG_COMPILER_APPICON_NAME = AppIcon;
				ASSETCATALOG_COMPILER_GLOBAL_ACCENT_COLOR_NAME = AccentColor;
				CODE_SIGN_STYLE = Automatic;
				CURRENT_PROJECT_VERSION = 5;
				DEVELOPMENT_TEAM = "";
				ENABLE_PREVIEWS = YES;
				GENERATE_INFOPLIST_FILE = YES;
				INFOPLIST_KEY_LSApplicationCategoryType = "public.app-category.entertainment";
				INFOPLIST_KEY_NSMicrophoneUsageDescription = "EnglishSubtitles needs access to your microphone to transcribe and translate speech in real-time.";
				INFOPLIST_KEY_UIApplicationSceneManifest_Generation = YES;
				INFOPLIST_KEY_UIApplicationSupportsIndirectInputEvents = YES;
				INFOPLIST_KEY_UILaunchScreen_Generation = YES;
				INFOPLIST_KEY_UISupportedInterfaceOrientations = "UIInterfaceOrientationLandscapeLeft UIInterfaceOrientationLandscapeRight";
				INFOPLIST_KEY_UISupportedInterfaceOrientations_iPad = "UIInterfaceOrientationLandscapeLeft UIInterfaceOrientationLandscapeRight UIInterfaceOrientationPortrait UIInterfaceOrientationPortraitUpsideDown";
				LD_RUNPATH_SEARCH_PATHS = (
					"$(inherited)",
					"@executable_path/Frameworks",
				);
				MARKETING_VERSION = 1.0;
				PRODUCT_BUNDLE_IDENTIFIER = org.amr.EnglishSubtitles;
				PRODUCT_NAME = "$(TARGET_NAME)";
				SWIFT_EMIT_LOC_STRINGS = YES;
				SWIFT_VERSION = 5.0;
				TARGETED_DEVICE_FAMILY = "1,2";
			};
			name = Debug;
		};
		F5457EF12EDAA26000365E93 /* Release */ = {
			isa = XCBuildConfiguration;
			buildSettings = {
				ASSETCATALOG_COMPILER_APPICON_NAME = AppIcon;
				ASSETCATALOG_COMPILER_GLOBAL_ACCENT_COLOR_NAME = AccentColor;
				CODE_SIGN_STYLE = Automatic;
				CURRENT_PROJECT_VERSION = 5;
				DEVELOPMENT_TEAM = "";
				ENABLE_PREVIEWS = YES;
				GENERATE_INFOPLIST_FILE = YES;
				INFOPLIST_KEY_LSApplicationCategoryType = "public.app-category.entertainment";
				INFOPLIST_KEY_NSMicrophoneUsageDescription = "EnglishSubtitles needs access to your microphone to transcribe and translate speech in real-time.";
				INFOPLIST_KEY_UIApplicationSceneManifest_Generation = YES;
				INFOPLIST_KEY_UIApplicationSupportsIndirectInputEvents = YES;
				INFOPLIST_KEY_UILaunchScreen_Generation = YES;
				INFOPLIST_KEY_UISupportedInterfaceOrientations = "UIInterfaceOrientationLandscapeLeft UIInterfaceOrientationLandscapeRight";
				INFOPLIST_KEY_UISupportedInterfaceOrientations_iPad = "UIInterfaceOrientationLandscapeLeft UIInterfaceOrientationLandscapeRight UIInterfaceOrientationPortrait UIInterfaceOrientationPortraitUpsideDown";
				LD_RUNPATH_SEARCH_PATHS = (
					"$(inherited)",
					"@executable_path/Frameworks",
				);
				MARKETING_VERSION = 1.0;
				PRODUCT_BUNDLE_IDENTIFIER = org.amr.EnglishSubtitles;
				PRODUCT_NAME = "$(TARGET_NAME)";
				SWIFT_EMIT_LOC_STRINGS = YES;
				SWIFT_VERSION = 5.0;
				TARGETED_DEVICE_FAMILY = "1,2";
			};
			name = Release;
		};
		F5457EF32EDAA26000365E93 /* Debug */ = {
			isa = XCBuildConfiguration;
			buildSettings = {
				BUNDLE_LOADER = "$(TEST_HOST)";
				CODE_SIGN_STYLE = Automatic;
				CURRENT_PROJECT_VERSION = 1;
				DEVELOPMENT_TEAM = PHEF24B589;
				GENERATE_INFOPLIST_FILE = YES;
				IPHONEOS_DEPLOYMENT_TARGET = 18.6;
				MARKETING_VERSION = 1.0;
				PRODUCT_BUNDLE_IDENTIFIER = org.amr.EnglishSubtitlesTests;
				PRODUCT_NAME = "$(TARGET_NAME)";
				SWIFT_EMIT_LOC_STRINGS = NO;
				SWIFT_VERSION = 5.0;
				TARGETED_DEVICE_FAMILY = "1,2";
				TEST_HOST = "$(BUILT_PRODUCTS_DIR)/EnglishSubtitles.app/$(BUNDLE_EXECUTABLE_FOLDER_PATH)/EnglishSubtitles";
			};
			name = Debug;
		};
		F5457EF42EDAA26000365E93 /* Release */ = {
			isa = XCBuildConfiguration;
			buildSettings = {
				BUNDLE_LOADER = "$(TEST_HOST)";
				CODE_SIGN_STYLE = Automatic;
				CURRENT_PROJECT_VERSION = 1;
				DEVELOPMENT_TEAM = PHEF24B589;
				GENERATE_INFOPLIST_FILE = YES;
				IPHONEOS_DEPLOYMENT_TARGET = 18.6;
				MARKETING_VERSION = 1.0;
				PRODUCT_BUNDLE_IDENTIFIER = org.amr.EnglishSubtitlesTests;
				PRODUCT_NAME = "$(TARGET_NAME)";
				SWIFT_EMIT_LOC_STRINGS = NO;
				SWIFT_VERSION = 5.0;
				TARGETED_DEVICE_FAMILY = "1,2";
				TEST_HOST = "$(BUILT_PRODUCTS_DIR)/EnglishSubtitles.app/$(BUNDLE_EXECUTABLE_FOLDER_PATH)/EnglishSubtitles";
			};
			name = Release;
		};
		F59C729A2F202EF000D81F20 /* Debug */ = {
			isa = XCBuildConfiguration;
			buildSettings = {
				ARCHS = arm64;
				ASSETCATALOG_COMPILER_APPICON_NAME = AppIcon;
				ASSETCATALOG_COMPILER_GLOBAL_ACCENT_COLOR_NAME = AccentColor;
				CODE_SIGN_ENTITLEMENTS = EnglishSubtitlesMacOS/EnglishSubtitlesMacOS.entitlements;
				CODE_SIGN_IDENTITY = "Apple Development";
				CODE_SIGN_STYLE = Automatic;
				COMBINE_HIDPI_IMAGES = YES;
				CURRENT_PROJECT_VERSION = 2;
				DEVELOPMENT_TEAM = PHEF24B589;
				ENABLE_APP_SANDBOX = YES;
				ENABLE_PREVIEWS = YES;
				ENABLE_USER_SELECTED_FILES = readonly;
				GENERATE_INFOPLIST_FILE = YES;
				INFOPLIST_KEY_CFBundleDisplayName = EnglishSubtitles;
				INFOPLIST_KEY_LSApplicationCategoryType = "public.app-category.entertainment";
				INFOPLIST_KEY_NSHumanReadableCopyright = "";
				LD_RUNPATH_SEARCH_PATHS = (
					"$(inherited)",
					"@executable_path/../Frameworks",
				);
				MACOSX_DEPLOYMENT_TARGET = 15.7;
				MARKETING_VERSION = 1.0;
				PRODUCT_BUNDLE_IDENTIFIER = org.amr.EnglishSubtitlesMacOS;
				PRODUCT_NAME = "$(TARGET_NAME)";
				PROVISIONING_PROFILE_SPECIFIER = "";
				REGISTER_APP_GROUPS = YES;
				SDKROOT = macosx;
				STRING_CATALOG_GENERATE_SYMBOLS = YES;
				SWIFT_APPROACHABLE_CONCURRENCY = YES;
				SWIFT_DEFAULT_ACTOR_ISOLATION = MainActor;
				SWIFT_EMIT_LOC_STRINGS = YES;
				SWIFT_UPCOMING_FEATURE_MEMBER_IMPORT_VISIBILITY = YES;
				SWIFT_VERSION = 5.0;
			};
			name = Debug;
		};
		F59C729B2F202EF000D81F20 /* Release */ = {
			isa = XCBuildConfiguration;
			buildSettings = {
				ARCHS = arm64;
				ASSETCATALOG_COMPILER_APPICON_NAME = AppIcon;
				ASSETCATALOG_COMPILER_GLOBAL_ACCENT_COLOR_NAME = AccentColor;
				CODE_SIGN_ENTITLEMENTS = EnglishSubtitlesMacOS/EnglishSubtitlesMacOS.entitlements;
				CODE_SIGN_IDENTITY = "Apple Development";
				CODE_SIGN_STYLE = Automatic;
				COMBINE_HIDPI_IMAGES = YES;
				CURRENT_PROJECT_VERSION = 2;
				DEVELOPMENT_TEAM = PHEF24B589;
				ENABLE_APP_SANDBOX = YES;
				ENABLE_PREVIEWS = YES;
				ENABLE_USER_SELECTED_FILES = readonly;
				GENERATE_INFOPLIST_FILE = YES;
				INFOPLIST_KEY_CFBundleDisplayName = EnglishSubtitles;
				INFOPLIST_KEY_LSApplicationCategoryType = "public.app-category.entertainment";
				INFOPLIST_KEY_NSHumanReadableCopyright = "";
				LD_RUNPATH_SEARCH_PATHS = (
					"$(inherited)",
					"@executable_path/../Frameworks",
				);
				MACOSX_DEPLOYMENT_TARGET = 15.7;
				MARKETING_VERSION = 1.0;
				PRODUCT_BUNDLE_IDENTIFIER = org.amr.EnglishSubtitlesMacOS;
				PRODUCT_NAME = "$(TARGET_NAME)";
				PROVISIONING_PROFILE_SPECIFIER = "";
				REGISTER_APP_GROUPS = YES;
				SDKROOT = macosx;
				STRING_CATALOG_GENERATE_SYMBOLS = YES;
				SWIFT_APPROACHABLE_CONCURRENCY = YES;
				SWIFT_DEFAULT_ACTOR_ISOLATION = MainActor;
				SWIFT_EMIT_LOC_STRINGS = YES;
				SWIFT_UPCOMING_FEATURE_MEMBER_IMPORT_VISIBILITY = YES;
				SWIFT_VERSION = 5.0;
			};
			name = Release;
		};
		F59C729D2F202EF000D81F20 /* Debug */ = {
			isa = XCBuildConfiguration;
			buildSettings = {
				BUNDLE_LOADER = "$(TEST_HOST)";
				CODE_SIGN_STYLE = Automatic;
				CURRENT_PROJECT_VERSION = 1;
				GENERATE_INFOPLIST_FILE = YES;
				MACOSX_DEPLOYMENT_TARGET = 15.7;
				MARKETING_VERSION = 1.0;
				PRODUCT_BUNDLE_IDENTIFIER = org.amr.EnglishSubtitlesMacOSTests;
				PRODUCT_NAME = "$(TARGET_NAME)";
				SDKROOT = macosx;
				STRING_CATALOG_GENERATE_SYMBOLS = NO;
				SWIFT_APPROACHABLE_CONCURRENCY = YES;
				SWIFT_EMIT_LOC_STRINGS = NO;
				SWIFT_UPCOMING_FEATURE_MEMBER_IMPORT_VISIBILITY = YES;
				SWIFT_VERSION = 5.0;
				TEST_HOST = "$(BUILT_PRODUCTS_DIR)/EnglishSubtitlesMacOS.app/$(BUNDLE_EXECUTABLE_FOLDER_PATH)/EnglishSubtitlesMacOS";
			};
			name = Debug;
		};
		F59C729E2F202EF000D81F20 /* Release */ = {
			isa = XCBuildConfiguration;
			buildSettings = {
				BUNDLE_LOADER = "$(TEST_HOST)";
				CODE_SIGN_STYLE = Automatic;
				CURRENT_PROJECT_VERSION = 1;
				GENERATE_INFOPLIST_FILE = YES;
				MACOSX_DEPLOYMENT_TARGET = 15.7;
				MARKETING_VERSION = 1.0;
				PRODUCT_BUNDLE_IDENTIFIER = org.amr.EnglishSubtitlesMacOSTests;
				PRODUCT_NAME = "$(TARGET_NAME)";
				SDKROOT = macosx;
				STRING_CATALOG_GENERATE_SYMBOLS = NO;
				SWIFT_APPROACHABLE_CONCURRENCY = YES;
				SWIFT_EMIT_LOC_STRINGS = NO;
				SWIFT_UPCOMING_FEATURE_MEMBER_IMPORT_VISIBILITY = YES;
				SWIFT_VERSION = 5.0;
				TEST_HOST = "$(BUILT_PRODUCTS_DIR)/EnglishSubtitlesMacOS.app/$(BUNDLE_EXECUTABLE_FOLDER_PATH)/EnglishSubtitlesMacOS";
			};
			name = Release;
		};
/* End XCBuildConfiguration section */

/* Begin XCConfigurationList section */
		F5457EC92EDAA25E00365E93 /* Build configuration list for PBXProject "EnglishSubtitles" */ = {
			isa = XCConfigurationList;
			buildConfigurations = (
				F5457EED2EDAA26000365E93 /* Debug */,
				F5457EEE2EDAA26000365E93 /* Release */,
			);
			defaultConfigurationIsVisible = 0;
			defaultConfigurationName = Release;
		};
		F5457EEF2EDAA26000365E93 /* Build configuration list for PBXNativeTarget "EnglishSubtitles" */ = {
			isa = XCConfigurationList;
			buildConfigurations = (
				F5457EF02EDAA26000365E93 /* Debug */,
				F5457EF12EDAA26000365E93 /* Release */,
			);
			defaultConfigurationIsVisible = 0;
			defaultConfigurationName = Release;
		};
		F5457EF22EDAA26000365E93 /* Build configuration list for PBXNativeTarget "EnglishSubtitlesTests" */ = {
			isa = XCConfigurationList;
			buildConfigurations = (
				F5457EF32EDAA26000365E93 /* Debug */,
				F5457EF42EDAA26000365E93 /* Release */,
			);
			defaultConfigurationIsVisible = 0;
			defaultConfigurationName = Release;
		};
		F59C72992F202EF000D81F20 /* Build configuration list for PBXNativeTarget "EnglishSubtitlesMacOS" */ = {
			isa = XCConfigurationList;
			buildConfigurations = (
				F59C729A2F202EF000D81F20 /* Debug */,
				F59C729B2F202EF000D81F20 /* Release */,
			);
			defaultConfigurationIsVisible = 0;
			defaultConfigurationName = Release;
		};
		F59C729C2F202EF000D81F20 /* Build configuration list for PBXNativeTarget "EnglishSubtitlesMacOSTests" */ = {
			isa = XCConfigurationList;
			buildConfigurations = (
				F59C729D2F202EF000D81F20 /* Debug */,
				F59C729E2F202EF000D81F20 /* Release */,
			);
			defaultConfigurationIsVisible = 0;
			defaultConfigurationName = Release;
		};
/* End XCConfigurationList section */

/* Begin XCLocalSwiftPackageReference section */
		F51B4C4E2F2729240058D413 /* XCLocalSwiftPackageReference "../SwiftFasterWhisper" */ = {
			isa = XCLocalSwiftPackageReference;
			relativePath = ../SwiftFasterWhisper;
		};
/* End XCLocalSwiftPackageReference section */

/* Begin XCRemoteSwiftPackageReference section */
		F5ADEC6C2EDAB3D6008ED953 /* XCRemoteSwiftPackageReference "WhisperKit" */ = {
			isa = XCRemoteSwiftPackageReference;
			repositoryURL = "https://github.com/argmaxinc/WhisperKit.git";
			requirement = {
				kind = upToNextMajorVersion;
				minimumVersion = 0.7.0;
			};
		};
/* End XCRemoteSwiftPackageReference section */

/* Begin XCSwiftPackageProductDependency section */
		F51B4C4F2F2729240058D413 /* SwiftFasterWhisper */ = {
			isa = XCSwiftPackageProductDependency;
			productName = SwiftFasterWhisper;
		};
		F51B4C512F2729240058D413 /* faster_whisper */ = {
			isa = XCSwiftPackageProductDependency;
			productName = faster_whisper;
		};
		F599EF2E2EDACBD600905C10 /* WhisperKit */ = {
			isa = XCSwiftPackageProductDependency;
			package = F5ADEC6C2EDAB3D6008ED953 /* XCRemoteSwiftPackageReference "WhisperKit" */;
			productName = WhisperKit;
		};
/* End XCSwiftPackageProductDependency section */
	};
	rootObject = F5457EC62EDAA25E00365E93 /* Project object */;
}
